
Microsoft Visual Studio Solution File, Format Version 12.00
# Visual Studio Version 17
VisualStudioVersion = 17.0.31903.59
MinimumVisualStudioVersion = 10.0.40219.1
Project("{FAE04EC0-301F-11D3-BF4B-00C04F79EFBC}") = "Api", "Api\Api.csproj", "{7B2A6A55-3690-4CFA-B3B5-7C10E3C8C770}"
EndProject
Project("{FAE04EC0-301F-11D3-BF4B-00C04F79EFBC}") = "Application", "Application\Application.csproj", "{0BC66C76-C32E-4F6F-B236-753215AD8D19}"
EndProject
Project("{FAE04EC0-301F-11D3-BF4B-00C04F79EFBC}") = "Domain", "Domain\Domain.csproj", "{A7781052-0B65-4F31-9957-6B25C0BF7010}"
EndProject
Project("{FAE04EC0-301F-11D3-BF4B-00C04F79EFBC}") = "Persistence", "Persistence\Persistence.csproj", "{DB09F6B5-EE13-4B44-BDDE-223192B3DEC4}"
EndProject
Global
	GlobalSection(SolutionConfigurationPlatforms) = preSolution
		Debug|Any CPU = Debug|Any CPU
		Debug|x64 = Debug|x64
		Debug|x86 = Debug|x86
		Release|Any CPU = Release|Any CPU
		Release|x64 = Release|x64
		Release|x86 = Release|x86
	EndGlobalSection
	GlobalSection(ProjectConfigurationPlatforms) = postSolution
		{7B2A6A55-3690-4CFA-B3B5-7C10E3C8C770}.Debug|Any CPU.ActiveCfg = Debug|Any CPU
		{7B2A6A55-3690-4CFA-B3B5-7C10E3C8C770}.Debug|Any CPU.Build.0 = Debug|Any CPU
		{7B2A6A55-3690-4CFA-B3B5-7C10E3C8C770}.Debug|x64.ActiveCfg = Debug|Any CPU
		{7B2A6A55-3690-4CFA-B3B5-7C10E3C8C770}.Debug|x64.Build.0 = Debug|Any CPU
		{7B2A6A55-3690-4CFA-B3B5-7C10E3C8C770}.Debug|x86.ActiveCfg = Debug|Any CPU
		{7B2A6A55-3690-4CFA-B3B5-7C10E3C8C770}.Debug|x86.Build.0 = Debug|Any CPU
		{7B2A6A55-3690-4CFA-B3B5-7C10E3C8C770}.Release|Any CPU.ActiveCfg = Release|Any CPU
		{7B2A6A55-3690-4CFA-B3B5-7C10E3C8C770}.Release|Any CPU.Build.0 = Release|Any CPU
		{7B2A6A55-3690-4CFA-B3B5-7C10E3C8C770}.Release|x64.ActiveCfg = Release|Any CPU
		{7B2A6A55-3690-4CFA-B3B5-7C10E3C8C770}.Release|x64.Build.0 = Release|Any CPU
		{7B2A6A55-3690-4CFA-B3B5-7C10E3C8C770}.Release|x86.ActiveCfg = Release|Any CPU
		{7B2A6A55-3690-4CFA-B3B5-7C10E3C8C770}.Release|x86.Build.0 = Release|Any CPU
		{0BC66C76-C32E-4F6F-B236-753215AD8D19}.Debug|Any CPU.ActiveCfg = Debug|Any CPU
		{0BC66C76-C32E-4F6F-B236-753215AD8D19}.Debug|Any CPU.Build.0 = Debug|Any CPU
		{0BC66C76-C32E-4F6F-B236-753215AD8D19}.Debug|x64.ActiveCfg = Debug|Any CPU
		{0BC66C76-C32E-4F6F-B236-753215AD8D19}.Debug|x64.Build.0 = Debug|Any CPU
		{0BC66C76-C32E-4F6F-B236-753215AD8D19}.Debug|x86.ActiveCfg = Debug|Any CPU
		{0BC66C76-C32E-4F6F-B236-753215AD8D19}.Debug|x86.Build.0 = Debug|Any CPU
		{0BC66C76-C32E-4F6F-B236-753215AD8D19}.Release|Any CPU.ActiveCfg = Release|Any CPU
		{0BC66C76-C32E-4F6F-B236-753215AD8D19}.Release|Any CPU.Build.0 = Release|Any CPU
		{0BC66C76-C32E-4F6F-B236-753215AD8D19}.Release|x64.ActiveCfg = Release|Any CPU
		{0BC66C76-C32E-4F6F-B236-753215AD8D19}.Release|x64.Build.0 = Release|Any CPU
		{0BC66C76-C32E-4F6F-B236-753215AD8D19}.Release|x86.ActiveCfg = Release|Any CPU
		{0BC66C76-C32E-4F6F-B236-753215AD8D19}.Release|x86.Build.0 = Release|Any CPU
		{A7781052-0B65-4F31-9957-6B25C0BF7010}.Debug|Any CPU.ActiveCfg = Debug|Any CPU
		{A7781052-0B65-4F31-9957-6B25C0BF7010}.Debug|Any CPU.Build.0 = Debug|Any CPU
		{A7781052-0B65-4F31-9957-6B25C0BF7010}.Debug|x64.ActiveCfg = Debug|Any CPU
		{A7781052-0B65-4F31-9957-6B25C0BF7010}.Debug|x64.Build.0 = Debug|Any CPU
		{A7781052-0B65-4F31-9957-6B25C0BF7010}.Debug|x86.ActiveCfg = Debug|Any CPU
		{A7781052-0B65-4F31-9957-6B25C0BF7010}.Debug|x86.Build.0 = Debug|Any CPU
		{A7781052-0B65-4F31-9957-6B25C0BF7010}.Release|Any CPU.ActiveCfg = Release|Any CPU
		{A7781052-0B65-4F31-9957-6B25C0BF7010}.Release|Any CPU.Build.0 = Release|Any CPU
		{A7781052-0B65-4F31-9957-6B25C0BF7010}.Release|x64.ActiveCfg = Release|Any CPU
		{A7781052-0B65-4F31-9957-6B25C0BF7010}.Release|x64.Build.0 = Release|Any CPU
		{A7781052-0B65-4F31-9957-6B25C0BF7010}.Release|x86.ActiveCfg = Release|Any CPU
		{A7781052-0B65-4F31-9957-6B25C0BF7010}.Release|x86.Build.0 = Release|Any CPU
		{DB09F6B5-EE13-4B44-BDDE-223192B3DEC4}.Debug|Any CPU.ActiveCfg = Debug|Any CPU
		{DB09F6B5-EE13-4B44-BDDE-223192B3DEC4}.Debug|Any CPU.Build.0 = Debug|Any CPU
		{DB09F6B5-EE13-4B44-BDDE-223192B3DEC4}.Debug|x64.ActiveCfg = Debug|Any CPU
		{DB09F6B5-EE13-4B44-BDDE-223192B3DEC4}.Debug|x64.Build.0 = Debug|Any CPU
		{DB09F6B5-EE13-4B44-BDDE-223192B3DEC4}.Debug|x86.ActiveCfg = Debug|Any CPU
		{DB09F6B5-EE13-4B44-BDDE-223192B3DEC4}.Debug|x86.Build.0 = Debug|Any CPU
		{DB09F6B5-EE13-4B44-BDDE-223192B3DEC4}.Release|Any CPU.ActiveCfg = Release|Any CPU
		{DB09F6B5-EE13-4B44-BDDE-223192B3DEC4}.Release|Any CPU.Build.0 = Release|Any CPU
		{DB09F6B5-EE13-4B44-BDDE-223192B3DEC4}.Release|x64.ActiveCfg = Release|Any CPU
		{DB09F6B5-EE13-4B44-BDDE-223192B3DEC4}.Release|x64.Build.0 = Release|Any CPU
		{DB09F6B5-EE13-4B44-BDDE-223192B3DEC4}.Release|x86.ActiveCfg = Release|Any CPU
		{DB09F6B5-EE13-4B44-BDDE-223192B3DEC4}.Release|x86.Build.0 = Release|Any CPU
	EndGlobalSection
	GlobalSection(SolutionProperties) = preSolution
		HideSolutionNode = FALSE
	EndGlobalSection
	GlobalSection(NestedProjects) = preSolution
		{7B2A6A55-3690-4CFA-B3B5-7C10E3C8C770} = {1AE8ACA6-933B-BF2A-3671-3E2EAC007D16}
		{0BC66C76-C32E-4F6F-B236-753215AD8D19} = {1AE8ACA6-933B-BF2A-3671-3E2EAC007D16}
		{A7781052-0B65-4F31-9957-6B25C0BF7010} = {1AE8ACA6-933B-BF2A-3671-3E2EAC007D16}
		{DB09F6B5-EE13-4B44-BDDE-223192B3DEC4} = {1AE8ACA6-933B-BF2A-3671-3E2EAC007D16}
	EndGlobalSection
EndGlobal
